// !$*UTF8*$!
{
	archiveVersion = 1;
	classes = {
	};
	objectVersion = 48;
	objects = {

/* Begin PBXBuildFile section */
		0A613BCA1FE6544400593D3E /* AppDelegate.swift in Sources */ = {isa = PBXBuildFile; fileRef = 0A613BC91FE6544400593D3E /* AppDelegate.swift */; };
		0A613BCC1FE6544400593D3E /* PhotoViewController.swift in Sources */ = {isa = PBXBuildFile; fileRef = 0A613BCB1FE6544400593D3E /* PhotoViewController.swift */; };
		0A613BCF1FE6544400593D3E /* Main.storyboard in Resources */ = {isa = PBXBuildFile; fileRef = 0A613BCD1FE6544400593D3E /* Main.storyboard */; };
		0A613BD11FE6544400593D3E /* Assets.xcassets in Resources */ = {isa = PBXBuildFile; fileRef = 0A613BD01FE6544400593D3E /* Assets.xcassets */; };
		0A613BD41FE6544400593D3E /* LaunchScreen.storyboard in Resources */ = {isa = PBXBuildFile; fileRef = 0A613BD21FE6544400593D3E /* LaunchScreen.storyboard */; };
		0A613BDF1FE6544400593D3E /* MyPhotoTests.swift in Sources */ = {isa = PBXBuildFile; fileRef = 0A613BDE1FE6544400593D3E /* MyPhotoTests.swift */; };
		0A613BEA1FE6544400593D3E /* MyPhotoUITests.swift in Sources */ = {isa = PBXBuildFile; fileRef = 0A613BE91FE6544400593D3E /* MyPhotoUITests.swift */; };
		0A613BF81FE65DB600593D3E /* Photo.swift in Sources */ = {isa = PBXBuildFile; fileRef = 0A613BF71FE65DB600593D3E /* Photo.swift */; };
		0A613BFA1FE6610B00593D3E /* PhotoTableViewCell.swift in Sources */ = {isa = PBXBuildFile; fileRef = 0A613BF91FE6610B00593D3E /* PhotoTableViewCell.swift */; };
		0A613BFC1FE6615800593D3E /* PhotoTableViewController.swift in Sources */ = {isa = PBXBuildFile; fileRef = 0A613BFB1FE6615800593D3E /* PhotoTableViewController.swift */; };
/* End PBXBuildFile section */

/* Begin PBXContainerItemProxy section */
		0A613BDB1FE6544400593D3E /* PBXContainerItemProxy */ = {
			isa = PBXContainerItemProxy;
			containerPortal = 0A613BBE1FE6544400593D3E /* Project object */;
			proxyType = 1;
			remoteGlobalIDString = 0A613BC51FE6544400593D3E;
			remoteInfo = MyPhoto;
		};
		0A613BE61FE6544400593D3E /* PBXContainerItemProxy */ = {
			isa = PBXContainerItemProxy;
			containerPortal = 0A613BBE1FE6544400593D3E /* Project object */;
			proxyType = 1;
			remoteGlobalIDString = 0A613BC51FE6544400593D3E;
			remoteInfo = MyPhoto;
		};
/* End PBXContainerItemProxy section */

/* Begin PBXFileReference section */
		0A613BC61FE6544400593D3E /* MyPhoto.app */ = {isa = PBXFileReference; explicitFileType = wrapper.application; includeInIndex = 0; path = MyPhoto.app; sourceTree = BUILT_PRODUCTS_DIR; };
		0A613BC91FE6544400593D3E /* AppDelegate.swift */ = {isa = PBXFileReference; lastKnownFileType = sourcecode.swift; path = AppDelegate.swift; sourceTree = "<group>"; };
		0A613BCB1FE6544400593D3E /* PhotoViewController.swift */ = {isa = PBXFileReference; lastKnownFileType = sourcecode.swift; path = PhotoViewController.swift; sourceTree = "<group>"; };
		0A613BCE1FE6544400593D3E /* Base */ = {isa = PBXFileReference; lastKnownFileType = file.storyboard; name = Base; path = Base.lproj/Main.storyboard; sourceTree = "<group>"; };
		0A613BD01FE6544400593D3E /* Assets.xcassets */ = {isa = PBXFileReference; lastKnownFileType = folder.assetcatalog; path = Assets.xcassets; sourceTree = "<group>"; };
		0A613BD31FE6544400593D3E /* Base */ = {isa = PBXFileReference; lastKnownFileType = file.storyboard; name = Base; path = Base.lproj/LaunchScreen.storyboard; sourceTree = "<group>"; };
		0A613BD51FE6544400593D3E /* Info.plist */ = {isa = PBXFileReference; lastKnownFileType = text.plist.xml; path = Info.plist; sourceTree = "<group>"; };
		0A613BDA1FE6544400593D3E /* MyPhotoTests.xctest */ = {isa = PBXFileReference; explicitFileType = wrapper.cfbundle; includeInIndex = 0; path = MyPhotoTests.xctest; sourceTree = BUILT_PRODUCTS_DIR; };
		0A613BDE1FE6544400593D3E /* MyPhotoTests.swift */ = {isa = PBXFileReference; lastKnownFileType = sourcecode.swift; path = MyPhotoTests.swift; sourceTree = "<group>"; };
		0A613BE01FE6544400593D3E /* Info.plist */ = {isa = PBXFileReference; lastKnownFileType = text.plist.xml; path = Info.plist; sourceTree = "<group>"; };
		0A613BE51FE6544400593D3E /* MyPhotoUITests.xctest */ = {isa = PBXFileReference; explicitFileType = wrapper.cfbundle; includeInIndex = 0; path = MyPhotoUITests.xctest; sourceTree = BUILT_PRODUCTS_DIR; };
		0A613BE91FE6544400593D3E /* MyPhotoUITests.swift */ = {isa = PBXFileReference; lastKnownFileType = sourcecode.swift; path = MyPhotoUITests.swift; sourceTree = "<group>"; };
		0A613BEB1FE6544400593D3E /* Info.plist */ = {isa = PBXFileReference; lastKnownFileType = text.plist.xml; path = Info.plist; sourceTree = "<group>"; };
		0A613BF71FE65DB600593D3E /* Photo.swift */ = {isa = PBXFileReference; lastKnownFileType = sourcecode.swift; path = Photo.swift; sourceTree = "<group>"; };
		0A613BF91FE6610B00593D3E /* PhotoTableViewCell.swift */ = {isa = PBXFileReference; lastKnownFileType = sourcecode.swift; path = PhotoTableViewCell.swift; sourceTree = "<group>"; };
		0A613BFB1FE6615800593D3E /* PhotoTableViewController.swift */ = {isa = PBXFileReference; lastKnownFileType = sourcecode.swift; path = PhotoTableViewController.swift; sourceTree = "<group>"; };
/* End PBXFileReference section */

/* Begin PBXFrameworksBuildPhase section */
		0A613BC31FE6544400593D3E /* Frameworks */ = {
			isa = PBXFrameworksBuildPhase;
			buildActionMask = 2147483647;
			files = (
			);
			runOnlyForDeploymentPostprocessing = 0;
		};
		0A613BD71FE6544400593D3E /* Frameworks */ = {
			isa = PBXFrameworksBuildPhase;
			buildActionMask = 2147483647;
			files = (
			);
			runOnlyForDeploymentPostprocessing = 0;
		};
		0A613BE21FE6544400593D3E /* Frameworks */ = {
			isa = PBXFrameworksBuildPhase;
			buildActionMask = 2147483647;
			files = (
			);
			runOnlyForDeploymentPostprocessing = 0;
		};
/* End PBXFrameworksBuildPhase section */

/* Begin PBXGroup section */
		0A613BBD1FE6544400593D3E = {
			isa = PBXGroup;
			children = (
				0A613BC81FE6544400593D3E /* MyPhoto */,
				0A613BDD1FE6544400593D3E /* MyPhotoTests */,
				0A613BE81FE6544400593D3E /* MyPhotoUITests */,
				0A613BC71FE6544400593D3E /* Products */,
			);
			sourceTree = "<group>";
		};
		0A613BC71FE6544400593D3E /* Products */ = {
			isa = PBXGroup;
			children = (
				0A613BC61FE6544400593D3E /* MyPhoto.app */,
				0A613BDA1FE6544400593D3E /* MyPhotoTests.xctest */,
				0A613BE51FE6544400593D3E /* MyPhotoUITests.xctest */,
			);
			name = Products;
			sourceTree = "<group>";
		};
		0A613BC81FE6544400593D3E /* MyPhoto */ = {
			isa = PBXGroup;
			children = (
				0A613BC91FE6544400593D3E /* AppDelegate.swift */,
				0A613BF71FE65DB600593D3E /* Photo.swift */,
				0A613BCB1FE6544400593D3E /* PhotoViewController.swift */,
				0A613BF91FE6610B00593D3E /* PhotoTableViewCell.swift */,
				0A613BFB1FE6615800593D3E /* PhotoTableViewController.swift */,
				0A613BCD1FE6544400593D3E /* Main.storyboard */,
				0A613BD01FE6544400593D3E /* Assets.xcassets */,
				0A613BD21FE6544400593D3E /* LaunchScreen.storyboard */,
				0A613BD51FE6544400593D3E /* Info.plist */,
			);
			path = MyPhoto;
			sourceTree = "<group>";
		};
		0A613BDD1FE6544400593D3E /* MyPhotoTests */ = {
			isa = PBXGroup;
			children = (
				0A613BDE1FE6544400593D3E /* MyPhotoTests.swift */,
				0A613BE01FE6544400593D3E /* Info.plist */,
			);
			path = MyPhotoTests;
			sourceTree = "<group>";
		};
		0A613BE81FE6544400593D3E /* MyPhotoUITests */ = {
			isa = PBXGroup;
			children = (
				0A613BE91FE6544400593D3E /* MyPhotoUITests.swift */,
				0A613BEB1FE6544400593D3E /* Info.plist */,
			);
			path = MyPhotoUITests;
			sourceTree = "<group>";
		};
/* End PBXGroup section */

/* Begin PBXNativeTarget section */
		0A613BC51FE6544400593D3E /* MyPhoto */ = {
			isa = PBXNativeTarget;
			buildConfigurationList = 0A613BEE1FE6544400593D3E /* Build configuration list for PBXNativeTarget "MyPhoto" */;
			buildPhases = (
				0A613BC21FE6544400593D3E /* Sources */,
				0A613BC31FE6544400593D3E /* Frameworks */,
				0A613BC41FE6544400593D3E /* Resources */,
			);
			buildRules = (
			);
			dependencies = (
			);
			name = MyPhoto;
			productName = MyPhoto;
			productReference = 0A613BC61FE6544400593D3E /* MyPhoto.app */;
			productType = "com.apple.product-type.application";
		};
		0A613BD91FE6544400593D3E /* MyPhotoTests */ = {
			isa = PBXNativeTarget;
			buildConfigurationList = 0A613BF11FE6544400593D3E /* Build configuration list for PBXNativeTarget "MyPhotoTests" */;
			buildPhases = (
				0A613BD61FE6544400593D3E /* Sources */,
				0A613BD71FE6544400593D3E /* Frameworks */,
				0A613BD81FE6544400593D3E /* Resources */,
			);
			buildRules = (
			);
			dependencies = (
				0A613BDC1FE6544400593D3E /* PBXTargetDependency */,
			);
			name = MyPhotoTests;
			productName = MyPhotoTests;
			productReference = 0A613BDA1FE6544400593D3E /* MyPhotoTests.xctest */;
			productType = "com.apple.product-type.bundle.unit-test";
		};
		0A613BE41FE6544400593D3E /* MyPhotoUITests */ = {
			isa = PBXNativeTarget;
			buildConfigurationList = 0A613BF41FE6544400593D3E /* Build configuration list for PBXNativeTarget "MyPhotoUITests" */;
			buildPhases = (
				0A613BE11FE6544400593D3E /* Sources */,
				0A613BE21FE6544400593D3E /* Frameworks */,
				0A613BE31FE6544400593D3E /* Resources */,
			);
			buildRules = (
			);
			dependencies = (
				0A613BE71FE6544400593D3E /* PBXTargetDependency */,
			);
			name = MyPhotoUITests;
			productName = MyPhotoUITests;
			productReference = 0A613BE51FE6544400593D3E /* MyPhotoUITests.xctest */;
			productType = "com.apple.product-type.bundle.ui-testing";
		};
/* End PBXNativeTarget section */

/* Begin PBXProject section */
		0A613BBE1FE6544400593D3E /* Project object */ = {
			isa = PBXProject;
			attributes = {
				LastSwiftUpdateCheck = 0920;
				LastUpgradeCheck = 0920;
				ORGANIZATIONNAME = "Dung Nguyen - s3598776";
				TargetAttributes = {
					0A613BC51FE6544400593D3E = {
						CreatedOnToolsVersion = 9.2;
						ProvisioningStyle = Automatic;
					};
					0A613BD91FE6544400593D3E = {
						CreatedOnToolsVersion = 9.2;
						ProvisioningStyle = Automatic;
						TestTargetID = 0A613BC51FE6544400593D3E;
					};
					0A613BE41FE6544400593D3E = {
						CreatedOnToolsVersion = 9.2;
						ProvisioningStyle = Automatic;
						TestTargetID = 0A613BC51FE6544400593D3E;
					};
				};
			};
			buildConfigurationList = 0A613BC11FE6544400593D3E /* Build configuration list for PBXProject "MyPhoto" */;
			compatibilityVersion = "Xcode 8.0";
			developmentRegion = en;
			hasScannedForEncodings = 0;
			knownRegions = (
				en,
				Base,
			);
			mainGroup = 0A613BBD1FE6544400593D3E;
			productRefGroup = 0A613BC71FE6544400593D3E /* Products */;
			projectDirPath = "";
			projectRoot = "";
			targets = (
				0A613BC51FE6544400593D3E /* MyPhoto */,
				0A613BD91FE6544400593D3E /* MyPhotoTests */,
				0A613BE41FE6544400593D3E /* MyPhotoUITests */,
			);
		};
/* End PBXProject section */

/* Begin PBXResourcesBuildPhase section */
		0A613BC41FE6544400593D3E /* Resources */ = {
			isa = PBXResourcesBuildPhase;
			buildActionMask = 2147483647;
			files = (
				0A613BD41FE6544400593D3E /* LaunchScreen.storyboard in Resources */,
				0A613BD11FE6544400593D3E /* Assets.xcassets in Resources */,
				0A613BCF1FE6544400593D3E /* Main.storyboard in Resources */,
			);
			runOnlyForDeploymentPostprocessing = 0;
		};
		0A613BD81FE6544400593D3E /* Resources */ = {
			isa = PBXResourcesBuildPhase;
			buildActionMask = 2147483647;
			files = (
			);
			runOnlyForDeploymentPostprocessing = 0;
		};
		0A613BE31FE6544400593D3E /* Resources */ = {
			isa = PBXResourcesBuildPhase;
			buildActionMask = 2147483647;
			files = (
			);
			runOnlyForDeploymentPostprocessing = 0;
		};
/* End PBXResourcesBuildPhase section */

/* Begin PBXSourcesBuildPhase section */
		0A613BC21FE6544400593D3E /* Sources */ = {
			isa = PBXSourcesBuildPhase;
			buildActionMask = 2147483647;
			files = (
				0A613BFA1FE6610B00593D3E /* PhotoTableViewCell.swift in Sources */,
				0A613BF81FE65DB600593D3E /* Photo.swift in Sources */,
				0A613BFC1FE6615800593D3E /* PhotoTableViewController.swift in Sources */,
				0A613BCC1FE6544400593D3E /* PhotoViewController.swift in Sources */,
				0A613BCA1FE6544400593D3E /* AppDelegate.swift in Sources */,
			);
			runOnlyForDeploymentPostprocessing = 0;
		};
		0A613BD61FE6544400593D3E /* Sources */ = {
			isa = PBXSourcesBuildPhase;
			buildActionMask = 2147483647;
			files = (
				0A613BDF1FE6544400593D3E /* MyPhotoTests.swift in Sources */,
			);
			runOnlyForDeploymentPostprocessing = 0;
		};
		0A613BE11FE6544400593D3E /* Sources */ = {
			isa = PBXSourcesBuildPhase;
			buildActionMask = 2147483647;
			files = (
				0A613BEA1FE6544400593D3E /* MyPhotoUITests.swift in Sources */,
			);
			runOnlyForDeploymentPostprocessing = 0;
		};
/* End PBXSourcesBuildPhase section */

/* Begin PBXTargetDependency section */
		0A613BDC1FE6544400593D3E /* PBXTargetDependency */ = {
			isa = PBXTargetDependency;
			target = 0A613BC51FE6544400593D3E /* MyPhoto */;
			targetProxy = 0A613BDB1FE6544400593D3E /* PBXContainerItemProxy */;
		};
		0A613BE71FE6544400593D3E /* PBXTargetDependency */ = {
			isa = PBXTargetDependency;
			target = 0A613BC51FE6544400593D3E /* MyPhoto */;
			targetProxy = 0A613BE61FE6544400593D3E /* PBXContainerItemProxy */;
		};
/* End PBXTargetDependency section */

/* Begin PBXVariantGroup section */
		0A613BCD1FE6544400593D3E /* Main.storyboard */ = {
			isa = PBXVariantGroup;
			children = (
				0A613BCE1FE6544400593D3E /* Base */,
			);
			name = Main.storyboard;
			sourceTree = "<group>";
		};
		0A613BD21FE6544400593D3E /* LaunchScreen.storyboard */ = {
			isa = PBXVariantGroup;
			children = (
				0A613BD31FE6544400593D3E /* Base */,
			);
			name = LaunchScreen.storyboard;
			sourceTree = "<group>";
		};
/* End PBXVariantGroup section */

/* Begin XCBuildConfiguration section */
		0A613BEC1FE6544400593D3E /* Debug */ = {
			isa = XCBuildConfiguration;
			buildSettings = {
				ALWAYS_SEARCH_USER_PATHS = NO;
				CLANG_ANALYZER_NONNULL = YES;
				CLANG_ANALYZER_NUMBER_OBJECT_CONVERSION = YES_AGGRESSIVE;
				CLANG_CXX_LANGUAGE_STANDARD = "gnu++14";
				CLANG_CXX_LIBRARY = "libc++";
				CLANG_ENABLE_MODULES = YES;
				CLANG_ENABLE_OBJC_ARC = YES;
				CLANG_WARN_BLOCK_CAPTURE_AUTORELEASING = YES;
				CLANG_WARN_BOOL_CONVERSION = YES;
				CLANG_WARN_COMMA = YES;
				CLANG_WARN_CONSTANT_CONVERSION = YES;
				CLANG_WARN_DIRECT_OBJC_ISA_USAGE = YES_ERROR;
				CLANG_WARN_DOCUMENTATION_COMMENTS = YES;
				CLANG_WARN_EMPTY_BODY = YES;
				CLANG_WARN_ENUM_CONVERSION = YES;
				CLANG_WARN_INFINITE_RECURSION = YES;
				CLANG_WARN_INT_CONVERSION = YES;
				CLANG_WARN_NON_LITERAL_NULL_CONVERSION = YES;
				CLANG_WARN_OBJC_LITERAL_CONVERSION = YES;
				CLANG_WARN_OBJC_ROOT_CLASS = YES_ERROR;
				CLANG_WARN_RANGE_LOOP_ANALYSIS = YES;
				CLANG_WARN_STRICT_PROTOTYPES = YES;
				CLANG_WARN_SUSPICIOUS_MOVE = YES;
				CLANG_WARN_UNGUARDED_AVAILABILITY = YES_AGGRESSIVE;
				CLANG_WARN_UNREACHABLE_CODE = YES;
				CLANG_WARN__DUPLICATE_METHOD_MATCH = YES;
				CODE_SIGN_IDENTITY = "iPhone Developer";
				COPY_PHASE_STRIP = NO;
				DEBUG_INFORMATION_FORMAT = dwarf;
				ENABLE_STRICT_OBJC_MSGSEND = YES;
				ENABLE_TESTABILITY = YES;
				GCC_C_LANGUAGE_STANDARD = gnu11;
				GCC_DYNAMIC_NO_PIC = NO;
				GCC_NO_COMMON_BLOCKS = YES;
				GCC_OPTIMIZATION_LEVEL = 0;
				GCC_PREPROCESSOR_DEFINITIONS = (
					"DEBUG=1",
					"$(inherited)",
				);
				GCC_WARN_64_TO_32_BIT_CONVERSION = YES;
				GCC_WARN_ABOUT_RETURN_TYPE = YES_ERROR;
				GCC_WARN_UNDECLARED_SELECTOR = YES;
				GCC_WARN_UNINITIALIZED_AUTOS = YES_AGGRESSIVE;
				GCC_WARN_UNUSED_FUNCTION = YES;
				GCC_WARN_UNUSED_VARIABLE = YES;
				IPHONEOS_DEPLOYMENT_TARGET = 11.2;
				MTL_ENABLE_DEBUG_INFO = YES;
				ONLY_ACTIVE_ARCH = YES;
				SDKROOT = iphoneos;
				SWIFT_ACTIVE_COMPILATION_CONDITIONS = DEBUG;
				SWIFT_OPTIMIZATION_LEVEL = "-Onone";
			};
			name = Debug;
		};
		0A613BED1FE6544400593D3E /* Release */ = {
			isa = XCBuildConfiguration;
			buildSettings = {
				ALWAYS_SEARCH_USER_PATHS = NO;
				CLANG_ANALYZER_NONNULL = YES;
				CLANG_ANALYZER_NUMBER_OBJECT_CONVERSION = YES_AGGRESSIVE;
				CLANG_CXX_LANGUAGE_STANDARD = "gnu++14";
				CLANG_CXX_LIBRARY = "libc++";
				CLANG_ENABLE_MODULES = YES;
				CLANG_ENABLE_OBJC_ARC = YES;
				CLANG_WARN_BLOCK_CAPTURE_AUTORELEASING = YES;
				CLANG_WARN_BOOL_CONVERSION = YES;
				CLANG_WARN_COMMA = YES;
				CLANG_WARN_CONSTANT_CONVERSION = YES;
				CLANG_WARN_DIRECT_OBJC_ISA_USAGE = YES_ERROR;
				CLANG_WARN_DOCUMENTATION_COMMENTS = YES;
				CLANG_WARN_EMPTY_BODY = YES;
				CLANG_WARN_ENUM_CONVERSION = YES;
				CLANG_WARN_INFINITE_RECURSION = YES;
				CLANG_WARN_INT_CONVERSION = YES;
				CLANG_WARN_NON_LITERAL_NULL_CONVERSION = YES;
				CLANG_WARN_OBJC_LITERAL_CONVERSION = YES;
				CLANG_WARN_OBJC_ROOT_CLASS = YES_ERROR;
				CLANG_WARN_RANGE_LOOP_ANALYSIS = YES;
				CLANG_WARN_STRICT_PROTOTYPES = YES;
				CLANG_WARN_SUSPICIOUS_MOVE = YES;
				CLANG_WARN_UNGUARDED_AVAILABILITY = YES_AGGRESSIVE;
				CLANG_WARN_UNREACHABLE_CODE = YES;
				CLANG_WARN__DUPLICATE_METHOD_MATCH = YES;
				CODE_SIGN_IDENTITY = "iPhone Developer";
				COPY_PHASE_STRIP = NO;
				DEBUG_INFORMATION_FORMAT = "dwarf-with-dsym";
				ENABLE_NS_ASSERTIONS = NO;
				ENABLE_STRICT_OBJC_MSGSEND = YES;
				GCC_C_LANGUAGE_STANDARD = gnu11;
				GCC_NO_COMMON_BLOCKS = YES;
				GCC_WARN_64_TO_32_BIT_CONVERSION = YES;
				GCC_WARN_ABOUT_RETURN_TYPE = YES_ERROR;
				GCC_WARN_UNDECLARED_SELECTOR = YES;
				GCC_WARN_UNINITIALIZED_AUTOS = YES_AGGRESSIVE;
				GCC_WARN_UNUSED_FUNCTION = YES;
				GCC_WARN_UNUSED_VARIABLE = YES;
				IPHONEOS_DEPLOYMENT_TARGET = 11.2;
				MTL_ENABLE_DEBUG_INFO = NO;
				SDKROOT = iphoneos;
				SWIFT_OPTIMIZATION_LEVEL = "-Owholemodule";
				VALIDATE_PRODUCT = YES;
			};
			name = Release;
		};
		0A613BEF1FE6544400593D3E /* Debug */ = {
			isa = XCBuildConfiguration;
			buildSettings = {
				ASSETCATALOG_COMPILER_APPICON_NAME = AppIcon;
				CODE_SIGN_STYLE = Automatic;
				DEVELOPMENT_TEAM = VQQXHDUW7N;
				INFOPLIST_FILE = MyPhoto/Info.plist;
				LD_RUNPATH_SEARCH_PATHS = "$(inherited) @executable_path/Frameworks";
				PRODUCT_BUNDLE_IDENTIFIER = com.dungnguyen.MyPhoto;
				PRODUCT_NAME = "$(TARGET_NAME)";
				SWIFT_VERSION = 4.0;
				TARGETED_DEVICE_FAMILY = "1,2";
			};
			name = Debug;
		};
		0A613BF01FE6544400593D3E /* Release */ = {
			isa = XCBuildConfiguration;
			buildSettings = {
				ASSETCATALOG_COMPILER_APPICON_NAME = AppIcon;
				CODE_SIGN_STYLE = Automatic;
				DEVELOPMENT_TEAM = VQQXHDUW7N;
				INFOPLIST_FILE = MyPhoto/Info.plist;
				LD_RUNPATH_SEARCH_PATHS = "$(inherited) @executable_path/Frameworks";
				PRODUCT_BUNDLE_IDENTIFIER = com.dungnguyen.MyPhoto;
				PRODUCT_NAME = "$(TARGET_NAME)";
				SWIFT_VERSION = 4.0;
				TARGETED_DEVICE_FAMILY = "1,2";
			};
			name = Release;
		};
		0A613BF21FE6544400593D3E /* Debug */ = {
			isa = XCBuildConfiguration;
			buildSettings = {
				ALWAYS_EMBED_SWIFT_STANDARD_LIBRARIES = YES;
				BUNDLE_LOADER = "$(TEST_HOST)";
				CODE_SIGN_STYLE = Automatic;
				DEVELOPMENT_TEAM = VQQXHDUW7N;
				INFOPLIST_FILE = MyPhotoTests/Info.plist;
				LD_RUNPATH_SEARCH_PATHS = "$(inherited) @executable_path/Frameworks @loader_path/Frameworks";
				PRODUCT_BUNDLE_IDENTIFIER = com.dungnguyen.MyPhotoTests;
				PRODUCT_NAME = "$(TARGET_NAME)";
				SWIFT_VERSION = 4.0;
				TARGETED_DEVICE_FAMILY = "1,2";
				TEST_HOST = "$(BUILT_PRODUCTS_DIR)/MyPhoto.app/MyPhoto";
			};
			name = Debug;
		};
		0A613BF31FE6544400593D3E /* Release */ = {
			isa = XCBuildConfiguration;
			buildSettings = {
				ALWAYS_EMBED_SWIFT_STANDARD_LIBRARIES = YES;
				BUNDLE_LOADER = "$(TEST_HOST)";
				CODE_SIGN_STYLE = Automatic;
				DEVELOPMENT_TEAM = VQQXHDUW7N;
				INFOPLIST_FILE = MyPhotoTests/Info.plist;
				LD_RUNPATH_SEARCH_PATHS = "$(inherited) @executable_path/Frameworks @loader_path/Frameworks";
				PRODUCT_BUNDLE_IDENTIFIER = com.dungnguyen.MyPhotoTests;
				PRODUCT_NAME = "$(TARGET_NAME)";
				SWIFT_VERSION = 4.0;
				TARGETED_DEVICE_FAMILY = "1,2";
				TEST_HOST = "$(BUILT_PRODUCTS_DIR)/MyPhoto.app/MyPhoto";
			};
			name = Release;
		};
		0A613BF51FE6544400593D3E /* Debug */ = {
			isa = XCBuildConfiguration;
			buildSettings = {
				ALWAYS_EMBED_SWIFT_STANDARD_LIBRARIES = YES;
				CODE_SIGN_STYLE = Automatic;
				DEVELOPMENT_TEAM = VQQXHDUW7N;
				INFOPLIST_FILE = MyPhotoUITests/Info.plist;
				LD_RUNPATH_SEARCH_PATHS = "$(inherited) @executable_path/Frameworks @loader_path/Frameworks";
				PRODUCT_BUNDLE_IDENTIFIER = com.dungnguyen.MyPhotoUITests;
				PRODUCT_NAME = "$(TARGET_NAME)";
				SWIFT_VERSION = 4.0;
				TARGETED_DEVICE_FAMILY = "1,2";
				TEST_TARGET_NAME = MyPhoto;
			};
			name = Debug;
		};
		0A613BF61FE6544400593D3E /* Release */ = {
			isa = XCBuildConfiguration;
			buildSettings = {
				ALWAYS_EMBED_SWIFT_STANDARD_LIBRARIES = YES;
				CODE_SIGN_STYLE = Automatic;
				DEVELOPMENT_TEAM = VQQXHDUW7N;
				INFOPLIST_FILE = MyPhotoUITests/Info.plist;
				LD_RUNPATH_SEARCH_PATHS = "$(inherited) @executable_path/Frameworks @loader_path/Frameworks";
				PRODUCT_BUNDLE_IDENTIFIER = com.dungnguyen.MyPhotoUITests;
				PRODUCT_NAME = "$(TARGET_NAME)";
				SWIFT_VERSION = 4.0;
				TARGETED_DEVICE_FAMILY = "1,2";
				TEST_TARGET_NAME = MyPhoto;
			};
			name = Release;
		};
/* End XCBuildConfiguration section */

/* Begin XCConfigurationList section */
		0A613BC11FE6544400593D3E /* Build configuration list for PBXProject "MyPhoto" */ = {
			isa = XCConfigurationList;
			buildConfigurations = (
				0A613BEC1FE6544400593D3E /* Debug */,
				0A613BED1FE6544400593D3E /* Release */,
			);
			defaultConfigurationIsVisible = 0;
			defaultConfigurationName = Release;
		};
		0A613BEE1FE6544400593D3E /* Build configuration list for PBXNativeTarget "MyPhoto" */ = {
			isa = XCConfigurationList;
			buildConfigurations = (
				0A613BEF1FE6544400593D3E /* Debug */,
				0A613BF01FE6544400593D3E /* Release */,
			);
			defaultConfigurationIsVisible = 0;
			defaultConfigurationName = Release;
		};
		0A613BF11FE6544400593D3E /* Build configuration list for PBXNativeTarget "MyPhotoTests" */ = {
			isa = XCConfigurationList;
			buildConfigurations = (
				0A613BF21FE6544400593D3E /* Debug */,
				0A613BF31FE6544400593D3E /* Release */,
			);
			defaultConfigurationIsVisible = 0;
			defaultConfigurationName = Release;
		};
		0A613BF41FE6544400593D3E /* Build configuration list for PBXNativeTarget "MyPhotoUITests" */ = {
			isa = XCConfigurationList;
			buildConfigurations = (
				0A613BF51FE6544400593D3E /* Debug */,
				0A613BF61FE6544400593D3E /* Release */,
			);
			defaultConfigurationIsVisible = 0;
			defaultConfigurationName = Release;
		};
/* End XCConfigurationList section */
	};
	rootObject = 0A613BBE1FE6544400593D3E /* Project object */;
}
